golang.org/x/exp v0.0.0-20180321215751-8460e604b9de h1:xSjD6HQTqT0H/k60N5yYBtnN1OEkVy7WIo/DYyxKRO0=
golang.org/x/exp v0.0.0-20180321215751-8460e604b9de/go.mod h1:CJ0aWSM057203Lf6IL+f9T1iT9GByDxfZKAQTCR3kQA=
golang.org/x/tools v0.0.0-20180525024113-a5b4c53f6e8b/go.mod h1:n7NCudcB/nEzxVGmLbDWY5pfWTLqBcC2KZ6jyYvM4mQ=
gonum.org/v1/gonum v0.0.0-20180827050814-95e9db9a70fd h1:e6k9XKLdRLX6HcHNxtbG5d/cmwcTogScdmWBoUy5/TY=
gonum.org/v1/gonum v0.0.0-20180827050814-95e9db9a70fd/go.mod h1:Y+Yx5eoAFn32cQvJDxZx5Dpnq+c3wtXuadVZAcxbbBo=
gonum.org/v1/netlib v0.0.0-20180816165226-ebcc3d2662d3 h1:4rNS4o1ZJGkBicts7UTCEjuP5+FXNKYqkMibESESFu8=
gonum.org/v1/netlib v0.0.0-20180816165226-ebcc3d2662d3/go.mod h1:wa6Ws7BG/ESfp6dHfk7C6KdzKA7wR7u/rKwOGE66zvw=
